<?xml version="1.0" encoding="utf-8"?>
<Project ToolsVersion="4.0" xmlns="http://schemas.microsoft.com/developer/msbuild/2003">
  <ItemGroup>
    <Filter Include="Source Files">
      <UniqueIdentifier>{4FC737F1-C7A5-4376-A066-2A32D752A2FF}</UniqueIdentifier>
      <Extensions>qml;cpp;c;cc;cxx;def;odl;idl;hpj;bat;asm;asmx</Extensions>
    </Filter>
    <Filter Include="Header Files">
      <UniqueIdentifier>{93995380-89BD-4b04-88EB-625FBE52EBFB}</UniqueIdentifier>
      <Extensions>h;hh;hpp;hxx;hm;inl;inc;xsd</Extensions>
    </Filter>
    <Filter Include="Resource Files">
      <UniqueIdentifier>{67DA6AB6-F800-4c08-8B7A-83BB121AAD01}</UniqueIdentifier>
      <Extensions>qrc;rc;ico;cur;bmp;dlg;rc2;rct;bin;rgs;gif;jpg;jpeg;jpe;resx;tiff;tif;png;wav;mfcribbon-ms</Extensions>
    </Filter>
    <Filter Include="Form Files">
      <UniqueIdentifier>{99349809-55BA-4b9d-BF79-8FDBB0286EB3}</UniqueIdentifier>
      <Extensions>ui</Extensions>
    </Filter>
    <Filter Include="Translation Files">
      <UniqueIdentifier>{639EADAA-A684-42e4-A9AD-28FC9BCB8F7C}</UniqueIdentifier>
      <Extensions>ts</Extensions>
    </Filter>
  </ItemGroup>
  <ItemGroup>
    <ClInclude Include="CACfig_v4.h">
      <Filter>Header Files</Filter>
    </ClInclude>
    <ClInclude Include="CarrierSynchronizer.h">
      <Filter>Header Files</Filter>
    </ClInclude>
    <ClInclude Include="CoarseFrequencyCompensator.h">
      <Filter>Header Files</Filter>
    </ClInclude>
    <ClInclude Include="coder_array.h">
      <Filter>Header Files</Filter>
    </ClInclude>
    <ClInclude Include="detect_recognize.h">
      <Filter>Header Files</Filter>
    </ClInclude>
    <ClInclude Include="detect_recognize_data.h">
      <Filter>Header Files</Filter>
    </ClInclude>
    <ClInclude Include="detect_recognize_initialize.h">
      <Filter>Header Files</Filter>
    </ClInclude>
    <ClInclude Include="detect_recognize_rtwutil.h">
      <Filter>Header Files</Filter>
    </ClInclude>
    <ClInclude Include="detect_recognize_terminate.h">
      <Filter>Header Files</Filter>
    </ClInclude>
    <ClInclude Include="detect_recognize_types.h">
      <Filter>Header Files</Filter>
    </ClInclude>
    <ClInclude Include="eml_setop.h">
      <Filter>Header Files</Filter>
    </ClInclude>
    <ClInclude Include="fft.h">
      <Filter>Header Files</Filter>
    </ClInclude>
    <ClInclude Include="FFTImplementationCallback.h">
      <Filter>Header Files</Filter>
    </ClInclude>
    <ClInclude Include="fftshift.h">
      <Filter>Header Files</Filter>
    </ClInclude>
    <ClInclude Include="fftw3.h">
      <Filter>Header Files</Filter>
    </ClInclude>
    <ClInclude Include="findpeaks.h">
      <Filter>Header Files</Filter>
    </ClInclude>
    <ClInclude Include="FIRDecimator.h">
      <Filter>Header Files</Filter>
    </ClInclude>
    <ClInclude Include="firstfunction2.h">
      <Filter>Header Files</Filter>
    </ClInclude>
    <ClInclude Include="function_1.h">
      <Filter>Header Files</Filter>
    </ClInclude>
    <ClInclude Include="hilbert.h">
      <Filter>Header Files</Filter>
    </ClInclude>
    <ClInclude Include="ifft.h">
      <Filter>Header Files</Filter>
    </ClInclude>
    <ClInclude Include="main_suibian.h">
      <Filter>Header Files</Filter>
    </ClInclude>
    <ClInclude Include="MC_cumulants1ccode.h">
      <Filter>Header Files</Filter>
    </ClInclude>
    <ClInclude Include="newprojectshicenew2ccode.h">
      <Filter>Header Files</Filter>
    </ClInclude>
    <ClInclude Include="ProcessConstructorArguments.h">
      <Filter>Header Files</Filter>
    </ClInclude>
    <ClInclude Include="RaisedCosineReceiveFilter.h">
      <Filter>Header Files</Filter>
    </ClInclude>
    <ClInclude Include="relop.h">
      <Filter>Header Files</Filter>
    </ClInclude>
    <ClInclude Include="rt_defines.h">
      <Filter>Header Files</Filter>
    </ClInclude>
    <ClInclude Include="rt_nonfinite.h">
      <Filter>Header Files</Filter>
    </ClInclude>
    <ClInclude Include="rtGetInf.h">
      <Filter>Header Files</Filter>
    </ClInclude>
    <ClInclude Include="rtGetNaN.h">
      <Filter>Header Files</Filter>
    </ClInclude>
    <ClInclude Include="rtwtypes.h">
      <Filter>Header Files</Filter>
    </ClInclude>
    <ClInclude Include="signal_num_detect_v2.h">
      <Filter>Header Files</Filter>
    </ClInclude>
    <ClInclude Include="sort.h">
      <Filter>Header Files</Filter>
    </ClInclude>
    <ClInclude Include="sortIdx.h">
      <Filter>Header Files</Filter>
    </ClInclude>
    <ClInclude Include="SymbolSynchronizer.h">
      <Filter>Header Files</Filter>
    </ClInclude>
    <ClInclude Include="SystemProp.h">
      <Filter>Header Files</Filter>
    </ClInclude>
    <ClInclude Include="tmwtypes.h">
      <Filter>Header Files</Filter>
    </ClInclude>
    <ClInclude Include="Ymaxccode.h">
      <Filter>Header Files</Filter>
    </ClInclude>
    <ClInclude Include="Dll1.h">
      <Filter>Header Files</Filter>
    </ClInclude>
  </ItemGroup>
  <ItemGroup>
    <ClCompile Include="CACfig_v4.cpp">
      <Filter>Source Files</Filter>
    </ClCompile>
    <ClCompile Include="CarrierSynchronizer.cpp">
      <Filter>Source Files</Filter>
    </ClCompile>
    <ClCompile Include="CoarseFrequencyCompensator.cpp">
      <Filter>Source Files</Filter>
    </ClCompile>
    <ClCompile Include="detect_recognize.cpp">
      <Filter>Source Files</Filter>
    </ClCompile>
    <ClCompile Include="detect_recognize_data.cpp">
      <Filter>Source Files</Filter>
    </ClCompile>
    <ClCompile Include="detect_recognize_initialize.cpp">
      <Filter>Source Files</Filter>
    </ClCompile>
    <ClCompile Include="detect_recognize_rtwutil.cpp">
      <Filter>Source Files</Filter>
    </ClCompile>
    <ClCompile Include="detect_recognize_terminate.cpp">
      <Filter>Source Files</Filter>
    </ClCompile>
    <ClCompile Include="eml_setop.cpp">
      <Filter>Source Files</Filter>
    </ClCompile>
    <ClCompile Include="fft.cpp">
      <Filter>Source Files</Filter>
    </ClCompile>
    <ClCompile Include="FFTImplementationCallback.cpp">
      <Filter>Source Files</Filter>
    </ClCompile>
    <ClCompile Include="fftshift.cpp">
      <Filter>Source Files</Filter>
    </ClCompile>
    <ClCompile Include="findpeaks.cpp">
      <Filter>Source Files</Filter>
    </ClCompile>
    <ClCompile Include="FIRDecimator.cpp">
      <Filter>Source Files</Filter>
    </ClCompile>
    <ClCompile Include="firstfunction2.cpp">
      <Filter>Source Files</Filter>
    </ClCompile>
    <ClCompile Include="function_1.cpp">
      <Filter>Source Files</Filter>
    </ClCompile>
    <ClCompile Include="hilbert.cpp">
      <Filter>Source Files</Filter>
    </ClCompile>
    <ClCompile Include="ifft.cpp">
      <Filter>Source Files</Filter>
    </ClCompile>
    <ClCompile Include="MC_cumulants1ccode.cpp">
      <Filter>Source Files</Filter>
    </ClCompile>
    <ClCompile Include="newprojectshicenew2ccode.cpp">
      <Filter>Source Files</Filter>
    </ClCompile>
    <ClCompile Include="ProcessConstructorArguments.cpp">
      <Filter>Source Files</Filter>
    </ClCompile>
    <ClCompile Include="RaisedCosineReceiveFilter.cpp">
      <Filter>Source Files</Filter>
    </ClCompile>
    <ClCompile Include="relop.cpp">
      <Filter>Source Files</Filter>
    </ClCompile>
    <ClCompile Include="rt_nonfinite.cpp">
      <Filter>Source Files</Filter>
    </ClCompile>
    <ClCompile Include="rtGetInf.cpp">
      <Filter>Source Files</Filter>
    </ClCompile>
    <ClCompile Include="rtGetNaN.cpp">
      <Filter>Source Files</Filter>
    </ClCompile>
    <ClCompile Include="signal_num_detect_v2.cpp">
      <Filter>Source Files</Filter>
    </ClCompile>
    <ClCompile Include="sort.cpp">
      <Filter>Source Files</Filter>
    </ClCompile>
    <ClCompile Include="sortIdx.cpp">
      <Filter>Source Files</Filter>
    </ClCompile>
    <ClCompile Include="SymbolSynchronizer.cpp">
      <Filter>Source Files</Filter>
    </ClCompile>
    <ClCompile Include="SystemProp.cpp">
      <Filter>Source Files</Filter>
    </ClCompile>
    <ClCompile Include="Ymaxccode.cpp">
      <Filter>Source Files</Filter>
    </ClCompile>
    <ClCompile Include="appinit.cpp">
      <Filter>Source Files</Filter>
    </ClCompile>
    <ClCompile Include="main.cpp">
      <Filter>Source Files</Filter>
    </ClCompile>
    <ClCompile Include="mymessagebox.cpp">
      <Filter>Source Files</Filter>
    </ClCompile>
    <ClCompile Include="widget.cpp">
      <Filter>Source Files</Filter>
    </ClCompile>
  </ItemGroup>
  <ItemGroup>
    <QtUic Include="widget.ui">
      <Filter>Form Files</Filter>
    </QtUic>
    <QtUic Include="mymessagebox.ui">
      <Filter>Form Files</Filter>
    </QtUic>
  </ItemGroup>
  <ItemGroup>
    <QtMoc Include="appinit.h">
      <Filter>Header Files</Filter>
    </QtMoc>
    <QtMoc Include="mymessagebox.h">
      <Filter>Header Files</Filter>
    </QtMoc>
    <QtMoc Include="widget.h">
      <Filter>Header Files</Filter>
    </QtMoc>
  </ItemGroup>
  <ItemGroup>
    <QtRcc Include="qss.qrc">
      <Filter>Resource Files</Filter>
    </QtRcc>
  </ItemGroup>
  <ItemGroup>
    <None Include="css\index.css">
      <Filter>Resource Files</Filter>
    </None>
  </ItemGroup>
  <ItemGroup>
    <Library Include="Dll1.lib">
      <Filter>Resource Files</Filter>
    </Library>
  </ItemGroup>
</Project>